// !$*UTF8*$!
{
	archiveVersion = 1;
	classes = {
	};
	objectVersion = 55;
	objects = {

/* Begin PBXBuildFile section */
		26891F46277F231D009EEE89 /* mobieseApp.swift in Sources */ = {isa = PBXBuildFile; fileRef = 26891F45277F231D009EEE89 /* mobieseApp.swift */; };
		26891F48277F231D009EEE89 /* ContentView.swift in Sources */ = {isa = PBXBuildFile; fileRef = 26891F47277F231D009EEE89 /* ContentView.swift */; };
		26891F4A277F231E009EEE89 /* Assets.xcassets in Resources */ = {isa = PBXBuildFile; fileRef = 26891F49277F231E009EEE89 /* Assets.xcassets */; };
		26891F4D277F231E009EEE89 /* Preview Assets.xcassets in Resources */ = {isa = PBXBuildFile; fileRef = 26891F4C277F231E009EEE89 /* Preview Assets.xcassets */; };
		26891F57277F231E009EEE89 /* mobieseTests.swift in Sources */ = {isa = PBXBuildFile; fileRef = 26891F56277F231E009EEE89 /* mobieseTests.swift */; };
		26891F61277F231E009EEE89 /* mobieseUITests.swift in Sources */ = {isa = PBXBuildFile; fileRef = 26891F60277F231E009EEE89 /* mobieseUITests.swift */; };
		26891F63277F231E009EEE89 /* mobieseUITestsLaunchTests.swift in Sources */ = {isa = PBXBuildFile; fileRef = 26891F62277F231E009EEE89 /* mobieseUITestsLaunchTests.swift */; };
/* End PBXBuildFile section */

/* Begin PBXContainerItemProxy section */
		26891F53277F231E009EEE89 /* PBXContainerItemProxy */ = {
			isa = PBXContainerItemProxy;
			containerPortal = 26891F3A277F231D009EEE89 /* Project object */;
			proxyType = 1;
			remoteGlobalIDString = 26891F41277F231D009EEE89;
			remoteInfo = mobiese;
		};
		26891F5D277F231E009EEE89 /* PBXContainerItemProxy */ = {
			isa = PBXContainerItemProxy;
			containerPortal = 26891F3A277F231D009EEE89 /* Project object */;
			proxyType = 1;
			remoteGlobalIDString = 26891F41277F231D009EEE89;
			remoteInfo = mobiese;
		};
/* End PBXContainerItemProxy section */

/* Begin PBXFileReference section */
		26891F42277F231D009EEE89 /* mobiese.app */ = {isa = PBXFileReference; explicitFileType = wrapper.application; includeInIndex = 0; path = mobiese.app; sourceTree = BUILT_PRODUCTS_DIR; };
		26891F45277F231D009EEE89 /* mobieseApp.swift */ = {isa = PBXFileReference; lastKnownFileType = sourcecode.swift; path = mobieseApp.swift; sourceTree = "<group>"; };
		26891F47277F231D009EEE89 /* ContentView.swift */ = {isa = PBXFileReference; lastKnownFileType = sourcecode.swift; path = ContentView.swift; sourceTree = "<group>"; };
		26891F49277F231E009EEE89 /* Assets.xcassets */ = {isa = PBXFileReference; lastKnownFileType = folder.assetcatalog; path = Assets.xcassets; sourceTree = "<group>"; };
		26891F4C277F231E009EEE89 /* Preview Assets.xcassets */ = {isa = PBXFileReference; lastKnownFileType = folder.assetcatalog; path = "Preview Assets.xcassets"; sourceTree = "<group>"; };
		26891F52277F231E009EEE89 /* mobieseTests.xctest */ = {isa = PBXFileReference; explicitFileType = wrapper.cfbundle; includeInIndex = 0; path = mobieseTests.xctest; sourceTree = BUILT_PRODUCTS_DIR; };
		26891F56277F231E009EEE89 /* mobieseTests.swift */ = {isa = PBXFileReference; lastKnownFileType = sourcecode.swift; path = mobieseTests.swift; sourceTree = "<group>"; };
		26891F5C277F231E009EEE89 /* mobieseUITests.xctest */ = {isa = PBXFileReference; explicitFileType = wrapper.cfbundle; includeInIndex = 0; path = mobieseUITests.xctest; sourceTree = BUILT_PRODUCTS_DIR; };
		26891F60277F231E009EEE89 /* mobieseUITests.swift */ = {isa = PBXFileReference; lastKnownFileType = sourcecode.swift; path = mobieseUITests.swift; sourceTree = "<group>"; };
		26891F62277F231E009EEE89 /* mobieseUITestsLaunchTests.swift */ = {isa = PBXFileReference; lastKnownFileType = sourcecode.swift; path = mobieseUITestsLaunchTests.swift; sourceTree = "<group>"; };
/* End PBXFileReference section */

/* Begin PBXFrameworksBuildPhase section */
		26891F3F277F231D009EEE89 /* Frameworks */ = {
			isa = PBXFrameworksBuildPhase;
			buildActionMask = 2147483647;
			files = (
			);
			runOnlyForDeploymentPostprocessing = 0;
		};
		26891F4F277F231E009EEE89 /* Frameworks */ = {
			isa = PBXFrameworksBuildPhase;
			buildActionMask = 2147483647;
			files = (
			);
			runOnlyForDeploymentPostprocessing = 0;
		};
		26891F59277F231E009EEE89 /* Frameworks */ = {
			isa = PBXFrameworksBuildPhase;
			buildActionMask = 2147483647;
			files = (
			);
			runOnlyForDeploymentPostprocessing = 0;
		};
/* End PBXFrameworksBuildPhase section */

/* Begin PBXGroup section */
		26891F39277F231D009EEE89 = {
			isa = PBXGroup;
			children = (
				26891F44277F231D009EEE89 /* mobiese */,
				26891F55277F231E009EEE89 /* mobieseTests */,
				26891F5F277F231E009EEE89 /* mobieseUITests */,
				26891F43277F231D009EEE89 /* Products */,
			);
			sourceTree = "<group>";
		};
		26891F43277F231D009EEE89 /* Products */ = {
			isa = PBXGroup;
			children = (
				26891F42277F231D009EEE89 /* mobiese.app */,
				26891F52277F231E009EEE89 /* mobieseTests.xctest */,
				26891F5C277F231E009EEE89 /* mobieseUITests.xctest */,
			);
			name = Products;
			sourceTree = "<group>";
		};
		26891F44277F231D009EEE89 /* mobiese */ = {
			isa = PBXGroup;
			children = (
				26891F45277F231D009EEE89 /* mobieseApp.swift */,
				26891F47277F231D009EEE89 /* ContentView.swift */,
				26891F49277F231E009EEE89 /* Assets.xcassets */,
				26891F4B277F231E009EEE89 /* Preview Content */,
			);
			path = mobiese;
			sourceTree = "<group>";
		};
		26891F4B277F231E009EEE89 /* Preview Content */ = {
			isa = PBXGroup;
			children = (
				26891F4C277F231E009EEE89 /* Preview Assets.xcassets */,
			);
			path = "Preview Content";
			sourceTree = "<group>";
		};
		26891F55277F231E009EEE89 /* mobieseTests */ = {
			isa = PBXGroup;
			children = (
				26891F56277F231E009EEE89 /* mobieseTests.swift */,
			);
			path = mobieseTests;
			sourceTree = "<group>";
		};
		26891F5F277F231E009EEE89 /* mobieseUITests */ = {
			isa = PBXGroup;
			children = (
				26891F60277F231E009EEE89 /* mobieseUITests.swift */,
				26891F62277F231E009EEE89 /* mobieseUITestsLaunchTests.swift */,
			);
			path = mobieseUITests;
			sourceTree = "<group>";
		};
/* End PBXGroup section */

/* Begin PBXNativeTarget section */
		26891F41277F231D009EEE89 /* mobiese */ = {
			isa = PBXNativeTarget;
			buildConfigurationList = 26891F66277F231E009EEE89 /* Build configuration list for PBXNativeTarget "mobiese" */;
			buildPhases = (
				26891F3E277F231D009EEE89 /* Sources */,
				26891F3F277F231D009EEE89 /* Frameworks */,
				26891F40277F231D009EEE89 /* Resources */,
			);
			buildRules = (
			);
			dependencies = (
			);
			name = mobiese;
			productName = mobiese;
			productReference = 26891F42277F231D009EEE89 /* mobiese.app */;
			productType = "com.apple.product-type.application";
		};
		26891F51277F231E009EEE89 /* mobieseTests */ = {
			isa = PBXNativeTarget;
			buildConfigurationList = 26891F69277F231E009EEE89 /* Build configuration list for PBXNativeTarget "mobieseTests" */;
			buildPhases = (
				26891F4E277F231E009EEE89 /* Sources */,
				26891F4F277F231E009EEE89 /* Frameworks */,
				26891F50277F231E009EEE89 /* Resources */,
			);
			buildRules = (
			);
			dependencies = (
				26891F54277F231E009EEE89 /* PBXTargetDependency */,
			);
			name = mobieseTests;
			productName = mobieseTests;
			productReference = 26891F52277F231E009EEE89 /* mobieseTests.xctest */;
			productType = "com.apple.product-type.bundle.unit-test";
		};
		26891F5B277F231E009EEE89 /* mobieseUITests */ = {
			isa = PBXNativeTarget;
			buildConfigurationList = 26891F6C277F231E009EEE89 /* Build configuration list for PBXNativeTarget "mobieseUITests" */;
			buildPhases = (
				26891F58277F231E009EEE89 /* Sources */,
				26891F59277F231E009EEE89 /* Frameworks */,
				26891F5A277F231E009EEE89 /* Resources */,
			);
			buildRules = (
			);
			dependencies = (
				26891F5E277F231E009EEE89 /* PBXTargetDependency */,
			);
			name = mobieseUITests;
			productName = mobieseUITests;
			productReference = 26891F5C277F231E009EEE89 /* mobieseUITests.xctest */;
			productType = "com.apple.product-type.bundle.ui-testing";
		};
/* End PBXNativeTarget section */

/* Begin PBXProject section */
		26891F3A277F231D009EEE89 /* Project object */ = {
			isa = PBXProject;
			attributes = {
				BuildIndependentTargetsInParallel = 1;
				LastSwiftUpdateCheck = 1320;
				LastUpgradeCheck = 1320;
				TargetAttributes = {
					26891F41277F231D009EEE89 = {
						CreatedOnToolsVersion = 13.2.1;
					};
					26891F51277F231E009EEE89 = {
						CreatedOnToolsVersion = 13.2.1;
						TestTargetID = 26891F41277F231D009EEE89;
					};
					26891F5B277F231E009EEE89 = {
						CreatedOnToolsVersion = 13.2.1;
						TestTargetID = 26891F41277F231D009EEE89;
					};
				};
			};
			buildConfigurationList = 26891F3D277F231D009EEE89 /* Build configuration list for PBXProject "mobiese" */;
			compatibilityVersion = "Xcode 13.0";
			developmentRegion = en;
			hasScannedForEncodings = 0;
			knownRegions = (
				en,
				Base,
			);
			mainGroup = 26891F39277F231D009EEE89;
			productRefGroup = 26891F43277F231D009EEE89 /* Products */;
			projectDirPath = "";
			projectRoot = "";
			targets = (
				26891F41277F231D009EEE89 /* mobiese */,
				26891F51277F231E009EEE89 /* mobieseTests */,
				26891F5B277F231E009EEE89 /* mobieseUITests */,
			);
		};
/* End PBXProject section */

/* Begin PBXResourcesBuildPhase section */
		26891F40277F231D009EEE89 /* Resources */ = {
			isa = PBXResourcesBuildPhase;
			buildActionMask = 2147483647;
			files = (
				26891F4D277F231E009EEE89 /* Preview Assets.xcassets in Resources */,
				26891F4A277F231E009EEE89 /* Assets.xcassets in Resources */,
			);
			runOnlyForDeploymentPostprocessing = 0;
		};
		26891F50277F231E009EEE89 /* Resources */ = {
			isa = PBXResourcesBuildPhase;
			buildActionMask = 2147483647;
			files = (
			);
			runOnlyForDeploymentPostprocessing = 0;
		};
		26891F5A277F231E009EEE89 /* Resources */ = {
			isa = PBXResourcesBuildPhase;
			buildActionMask = 2147483647;
			files = (
			);
			runOnlyForDeploymentPostprocessing = 0;
		};
/* End PBXResourcesBuildPhase section */

/* Begin PBXSourcesBuildPhase section */
		26891F3E277F231D009EEE89 /* Sources */ = {
			isa = PBXSourcesBuildPhase;
			buildActionMask = 2147483647;
			files = (
				26891F48277F231D009EEE89 /* ContentView.swift in Sources */,
				26891F46277F231D009EEE89 /* mobieseApp.swift in Sources */,
			);
			runOnlyForDeploymentPostprocessing = 0;
		};
		26891F4E277F231E009EEE89 /* Sources */ = {
			isa = PBXSourcesBuildPhase;
			buildActionMask = 2147483647;
			files = (
				26891F57277F231E009EEE89 /* mobieseTests.swift in Sources */,
			);
			runOnlyForDeploymentPostprocessing = 0;
		};
		26891F58277F231E009EEE89 /* Sources */ = {
			isa = PBXSourcesBuildPhase;
			buildActionMask = 2147483647;
			files = (
				26891F61277F231E009EEE89 /* mobieseUITests.swift in Sources */,
				26891F63277F231E009EEE89 /* mobieseUITestsLaunchTests.swift in Sources */,
			);
			runOnlyForDeploymentPostprocessing = 0;
		};
/* End PBXSourcesBuildPhase section */

/* Begin PBXTargetDependency section */
		26891F54277F231E009EEE89 /* PBXTargetDependency */ = {
			isa = PBXTargetDependency;
			target = 26891F41277F231D009EEE89 /* mobiese */;
			targetProxy = 26891F53277F231E009EEE89 /* PBXContainerItemProxy */;
		};
		26891F5E277F231E009EEE89 /* PBXTargetDependency */ = {
			isa = PBXTargetDependency;
			target = 26891F41277F231D009EEE89 /* mobiese */;
			targetProxy = 26891F5D277F231E009EEE89 /* PBXContainerItemProxy */;
		};
/* End PBXTargetDependency section */

/* Begin XCBuildConfiguration section */
		26891F64277F231E009EEE89 /* Debug */ = {
			isa = XCBuildConfiguration;
			buildSettings = {
				ALWAYS_SEARCH_USER_PATHS = NO;
				CLANG_ANALYZER_NONNULL = YES;
				CLANG_ANALYZER_NUMBER_OBJECT_CONVERSION = YES_AGGRESSIVE;
				CLANG_CXX_LANGUAGE_STANDARD = "gnu++17";
				CLANG_CXX_LIBRARY = "libc++";
				CLANG_ENABLE_MODULES = YES;
				CLANG_ENABLE_OBJC_ARC = YES;
				CLANG_ENABLE_OBJC_WEAK = YES;
				CLANG_WARN_BLOCK_CAPTURE_AUTORELEASING = YES;
				CLANG_WARN_BOOL_CONVERSION = YES;
				CLANG_WARN_COMMA = YES;
				CLANG_WARN_CONSTANT_CONVERSION = YES;
				CLANG_WARN_DEPRECATED_OBJC_IMPLEMENTATIONS = YES;
				CLANG_WARN_DIRECT_OBJC_ISA_USAGE = YES_ERROR;
				CLANG_WARN_DOCUMENTATION_COMMENTS = YES;
				CLANG_WARN_EMPTY_BODY = YES;
				CLANG_WARN_ENUM_CONVERSION = YES;
				CLANG_WARN_INFINITE_RECURSION = YES;
				CLANG_WARN_INT_CONVERSION = YES;
				CLANG_WARN_NON_LITERAL_NULL_CONVERSION = YES;
				CLANG_WARN_OBJC_IMPLICIT_RETAIN_SELF = YES;
				CLANG_WARN_OBJC_LITERAL_CONVERSION = YES;
				CLANG_WARN_OBJC_ROOT_CLASS = YES_ERROR;
				CLANG_WARN_QUOTED_INCLUDE_IN_FRAMEWORK_HEADER = YES;
				CLANG_WARN_RANGE_LOOP_ANALYSIS = YES;
				CLANG_WARN_STRICT_PROTOTYPES = YES;
				CLANG_WARN_SUSPICIOUS_MOVE = YES;
				CLANG_WARN_UNGUARDED_AVAILABILITY = YES_AGGRESSIVE;
				CLANG_WARN_UNREACHABLE_CODE = YES;
				CLANG_WARN__DUPLICATE_METHOD_MATCH = YES;
				COPY_PHASE_STRIP = NO;
				DEBUG_INFORMATION_FORMAT = dwarf;
				ENABLE_STRICT_OBJC_MSGSEND = YES;
				ENABLE_TESTABILITY = YES;
				GCC_C_LANGUAGE_STANDARD = gnu11;
				GCC_DYNAMIC_NO_PIC = NO;
				GCC_NO_COMMON_BLOCKS = YES;
				GCC_OPTIMIZATION_LEVEL = 0;
				GCC_PREPROCESSOR_DEFINITIONS = (
					"DEBUG=1",
					"$(inherited)",
				);
				GCC_WARN_64_TO_32_BIT_CONVERSION = YES;
				GCC_WARN_ABOUT_RETURN_TYPE = YES_ERROR;
				GCC_WARN_UNDECLARED_SELECTOR = YES;
				GCC_WARN_UNINITIALIZED_AUTOS = YES_AGGRESSIVE;
				GCC_WARN_UNUSED_FUNCTION = YES;
				GCC_WARN_UNUSED_VARIABLE = YES;
				IPHONEOS_DEPLOYMENT_TARGET = 15.2;
				MTL_ENABLE_DEBUG_INFO = INCLUDE_SOURCE;
				MTL_FAST_MATH = YES;
				ONLY_ACTIVE_ARCH = YES;
				SDKROOT = iphoneos;
				SWIFT_ACTIVE_COMPILATION_CONDITIONS = DEBUG;
				SWIFT_OPTIMIZATION_LEVEL = "-Onone";
			};
			name = Debug;
		};
		26891F65277F231E009EEE89 /* Release */ = {
			isa = XCBuildConfiguration;
			buildSettings = {
				ALWAYS_SEARCH_USER_PATHS = NO;
				CLANG_ANALYZER_NONNULL = YES;
				CLANG_ANALYZER_NUMBER_OBJECT_CONVERSION = YES_AGGRESSIVE;
				CLANG_CXX_LANGUAGE_STANDARD = "gnu++17";
				CLANG_CXX_LIBRARY = "libc++";
				CLANG_ENABLE_MODULES = YES;
				CLANG_ENABLE_OBJC_ARC = YES;
				CLANG_ENABLE_OBJC_WEAK = YES;
				CLANG_WARN_BLOCK_CAPTURE_AUTORELEASING = YES;
				CLANG_WARN_BOOL_CONVERSION = YES;
				CLANG_WARN_COMMA = YES;
				CLANG_WARN_CONSTANT_CONVERSION = YES;
				CLANG_WARN_DEPRECATED_OBJC_IMPLEMENTATIONS = YES;
				CLANG_WARN_DIRECT_OBJC_ISA_USAGE = YES_ERROR;
				CLANG_WARN_DOCUMENTATION_COMMENTS = YES;
				CLANG_WARN_EMPTY_BODY = YES;
				CLANG_WARN_ENUM_CONVERSION = YES;
				CLANG_WARN_INFINITE_RECURSION = YES;
				CLANG_WARN_INT_CONVERSION = YES;
				CLANG_WARN_NON_LITERAL_NULL_CONVERSION = YES;
				CLANG_WARN_OBJC_IMPLICIT_RETAIN_SELF = YES;
				CLANG_WARN_OBJC_LITERAL_CONVERSION = YES;
				CLANG_WARN_OBJC_ROOT_CLASS = YES_ERROR;
				CLANG_WARN_QUOTED_INCLUDE_IN_FRAMEWORK_HEADER = YES;
				CLANG_WARN_RANGE_LOOP_ANALYSIS = YES;
				CLANG_WARN_STRICT_PROTOTYPES = YES;
				CLANG_WARN_SUSPICIOUS_MOVE = YES;
				CLANG_WARN_UNGUARDED_AVAILABILITY = YES_AGGRESSIVE;
				CLANG_WARN_UNREACHABLE_CODE = YES;
				CLANG_WARN__DUPLICATE_METHOD_MATCH = YES;
				COPY_PHASE_STRIP = NO;
				DEBUG_INFORMATION_FORMAT = "dwarf-with-dsym";
				ENABLE_NS_ASSERTIONS = NO;
				ENABLE_STRICT_OBJC_MSGSEND = YES;
				GCC_C_LANGUAGE_STANDARD = gnu11;
				GCC_NO_COMMON_BLOCKS = YES;
				GCC_WARN_64_TO_32_BIT_CONVERSION = YES;
				GCC_WARN_ABOUT_RETURN_TYPE = YES_ERROR;
				GCC_WARN_UNDECLARED_SELECTOR = YES;
				GCC_WARN_UNINITIALIZED_AUTOS = YES_AGGRESSIVE;
				GCC_WARN_UNUSED_FUNCTION = YES;
				GCC_WARN_UNUSED_VARIABLE = YES;
				IPHONEOS_DEPLOYMENT_TARGET = 15.2;
				MTL_ENABLE_DEBUG_INFO = NO;
				MTL_FAST_MATH = YES;
				SDKROOT = iphoneos;
				SWIFT_COMPILATION_MODE = wholemodule;
				SWIFT_OPTIMIZATION_LEVEL = "-O";
				VALIDATE_PRODUCT = YES;
			};
			name = Release;
		};
		26891F67277F231E009EEE89 /* Debug */ = {
			isa = XCBuildConfiguration;
			buildSettings = {
				ASSETCATALOG_COMPILER_APPICON_NAME = AppIcon;
				ASSETCATALOG_COMPILER_GLOBAL_ACCENT_COLOR_NAME = AccentColor;
				CODE_SIGN_STYLE = Automatic;
				CURRENT_PROJECT_VERSION = 1;
				DEVELOPMENT_ASSET_PATHS = "\"mobiese/Preview Content\"";
				ENABLE_PREVIEWS = YES;
				GENERATE_INFOPLIST_FILE = YES;
				INFOPLIST_KEY_UIApplicationSceneManifest_Generation = YES;
				INFOPLIST_KEY_UIApplicationSupportsIndirectInputEvents = YES;
				INFOPLIST_KEY_UILaunchScreen_Generation = YES;
				INFOPLIST_KEY_UISupportedInterfaceOrientations_iPad = "UIInterfaceOrientationPortrait UIInterfaceOrientationPortraitUpsideDown UIInterfaceOrientationLandscapeLeft UIInterfaceOrientationLandscapeRight";
				INFOPLIST_KEY_UISupportedInterfaceOrientations_iPhone = "UIInterfaceOrientationPortrait UIInterfaceOrientationLandscapeLeft UIInterfaceOrientationLandscapeRight";
				LD_RUNPATH_SEARCH_PATHS = (
					"$(inherited)",
					"@executable_path/Frameworks",
				);
				MARKETING_VERSION = 1.0;
				PRODUCT_BUNDLE_IDENTIFIER = com.manngold.mobiese;
				PRODUCT_NAME = "$(TARGET_NAME)";
				SWIFT_EMIT_LOC_STRINGS = YES;
				SWIFT_VERSION = 5.0;
				TARGETED_DEVICE_FAMILY = "1,2";
			};
			name = Debug;
		};
		26891F68277F231E009EEE89 /* Release */ = {
			isa = XCBuildConfiguration;
			buildSettings = {
				ASSETCATALOG_COMPILER_APPICON_NAME = AppIcon;
				ASSETCATALOG_COMPILER_GLOBAL_ACCENT_COLOR_NAME = AccentColor;
				CODE_SIGN_STYLE = Automatic;
				CURRENT_PROJECT_VERSION = 1;
				DEVELOPMENT_ASSET_PATHS = "\"mobiese/Preview Content\"";
				ENABLE_PREVIEWS = YES;
				GENERATE_INFOPLIST_FILE = YES;
				INFOPLIST_KEY_UIApplicationSceneManifest_Generation = YES;
				INFOPLIST_KEY_UIApplicationSupportsIndirectInputEvents = YES;
				INFOPLIST_KEY_UILaunchScreen_Generation = YES;
				INFOPLIST_KEY_UISupportedInterfaceOrientations_iPad = "UIInterfaceOrientationPortrait UIInterfaceOrientationPortraitUpsideDown UIInterfaceOrientationLandscapeLeft UIInterfaceOrientationLandscapeRight";
				INFOPLIST_KEY_UISupportedInterfaceOrientations_iPhone = "UIInterfaceOrientationPortrait UIInterfaceOrientationLandscapeLeft UIInterfaceOrientationLandscapeRight";
				LD_RUNPATH_SEARCH_PATHS = (
					"$(inherited)",
					"@executable_path/Frameworks",
				);
				MARKETING_VERSION = 1.0;
				PRODUCT_BUNDLE_IDENTIFIER = com.manngold.mobiese;
				PRODUCT_NAME = "$(TARGET_NAME)";
				SWIFT_EMIT_LOC_STRINGS = YES;
				SWIFT_VERSION = 5.0;
				TARGETED_DEVICE_FAMILY = "1,2";
			};
			name = Release;
		};
		26891F6A277F231E009EEE89 /* Debug */ = {
			isa = XCBuildConfiguration;
			buildSettings = {
				ALWAYS_EMBED_SWIFT_STANDARD_LIBRARIES = YES;
				BUNDLE_LOADER = "$(TEST_HOST)";
				CODE_SIGN_STYLE = Automatic;
				CURRENT_PROJECT_VERSION = 1;
				GENERATE_INFOPLIST_FILE = YES;
				IPHONEOS_DEPLOYMENT_TARGET = 15.2;
				MARKETING_VERSION = 1.0;
				PRODUCT_BUNDLE_IDENTIFIER = com.manngold.mobieseTests;
				PRODUCT_NAME = "$(TARGET_NAME)";
				SWIFT_EMIT_LOC_STRINGS = NO;
				SWIFT_VERSION = 5.0;
				TARGETED_DEVICE_FAMILY = "1,2";
				TEST_HOST = "$(BUILT_PRODUCTS_DIR)/mobiese.app/mobiese";
			};
			name = Debug;
		};
		26891F6B277F231E009EEE89 /* Release */ = {
			isa = XCBuildConfiguration;
			buildSettings = {
				ALWAYS_EMBED_SWIFT_STANDARD_LIBRARIES = YES;
				BUNDLE_LOADER = "$(TEST_HOST)";
				CODE_SIGN_STYLE = Automatic;
				CURRENT_PROJECT_VERSION = 1;
				GENERATE_INFOPLIST_FILE = YES;
				IPHONEOS_DEPLOYMENT_TARGET = 15.2;
				MARKETING_VERSION = 1.0;
				PRODUCT_BUNDLE_IDENTIFIER = com.manngold.mobieseTests;
				PRODUCT_NAME = "$(TARGET_NAME)";
				SWIFT_EMIT_LOC_STRINGS = NO;
				SWIFT_VERSION = 5.0;
				TARGETED_DEVICE_FAMILY = "1,2";
				TEST_HOST = "$(BUILT_PRODUCTS_DIR)/mobiese.app/mobiese";
			};
			name = Release;
		};
		26891F6D277F231E009EEE89 /* Debug */ = {
			isa = XCBuildConfiguration;
			buildSettings = {
				ALWAYS_EMBED_SWIFT_STANDARD_LIBRARIES = YES;
				CODE_SIGN_STYLE = Automatic;
				CURRENT_PROJECT_VERSION = 1;
				GENERATE_INFOPLIST_FILE = YES;
				MARKETING_VERSION = 1.0;
				PRODUCT_BUNDLE_IDENTIFIER = com.manngold.mobieseUITests;
				PRODUCT_NAME = "$(TARGET_NAME)";
				SWIFT_EMIT_LOC_STRINGS = NO;
				SWIFT_VERSION = 5.0;
				TARGETED_DEVICE_FAMILY = "1,2";
				TEST_TARGET_NAME = mobiese;
			};
			name = Debug;
		};
		26891F6E277F231E009EEE89 /* Release */ = {
			isa = XCBuildConfiguration;
			buildSettings = {
				ALWAYS_EMBED_SWIFT_STANDARD_LIBRARIES = YES;
				CODE_SIGN_STYLE = Automatic;
				CURRENT_PROJECT_VERSION = 1;
				GENERATE_INFOPLIST_FILE = YES;
				MARKETING_VERSION = 1.0;
				PRODUCT_BUNDLE_IDENTIFIER = com.manngold.mobieseUITests;
				PRODUCT_NAME = "$(TARGET_NAME)";
				SWIFT_EMIT_LOC_STRINGS = NO;
				SWIFT_VERSION = 5.0;
				TARGETED_DEVICE_FAMILY = "1,2";
				TEST_TARGET_NAME = mobiese;
			};
			name = Release;
		};
/* End XCBuildConfiguration section */

/* Begin XCConfigurationList section */
		26891F3D277F231D009EEE89 /* Build configuration list for PBXProject "mobiese" */ = {
			isa = XCConfigurationList;
			buildConfigurations = (
				26891F64277F231E009EEE89 /* Debug */,
				26891F65277F231E009EEE89 /* Release */,
			);
			defaultConfigurationIsVisible = 0;
			defaultConfigurationName = Release;
		};
		26891F66277F231E009EEE89 /* Build configuration list for PBXNativeTarget "mobiese" */ = {
			isa = XCConfigurationList;
			buildConfigurations = (
				26891F67277F231E009EEE89 /* Debug */,
				26891F68277F231E009EEE89 /* Release */,
			);
			defaultConfigurationIsVisible = 0;
			defaultConfigurationName = Release;
		};
		26891F69277F231E009EEE89 /* Build configuration list for PBXNativeTarget "mobieseTests" */ = {
			isa = XCConfigurationList;
			buildConfigurations = (
				26891F6A277F231E009EEE89 /* Debug */,
				26891F6B277F231E009EEE89 /* Release */,
			);
			defaultConfigurationIsVisible = 0;
			defaultConfigurationName = Release;
		};
		26891F6C277F231E009EEE89 /* Build configuration list for PBXNativeTarget "mobieseUITests" */ = {
			isa = XCConfigurationList;
			buildConfigurations = (
				26891F6D277F231E009EEE89 /* Debug */,
				26891F6E277F231E009EEE89 /* Release */,
			);
			defaultConfigurationIsVisible = 0;
			defaultConfigurationName = Release;
		};
/* End XCConfigurationList section */
	};
	rootObject = 26891F3A277F231D009EEE89 /* Project object */;
}
